Microsoft Visual Studio Solution File, Format Version 12.00
# Visual Studio Version 17
VisualStudioVersion = 17.5.2.0
MinimumVisualStudioVersion = 10.0.40219.1
Project("{FAE04EC0-301F-11D3-BF4B-00C04F79EFBC}") = "SimpleQues", "SimpleQues.csproj", "{5C8DCA6B-E8F0-5537-5ABD-1BCDA290D725}"
EndProject
Global
	GlobalSection(SolutionConfigurationPlatforms) = preSolution
		Debug|Any CPU = Debug|Any CPU
		Release|Any CPU = Release|Any CPU
	EndGlobalSection
	GlobalSection(ProjectConfigurationPlatforms) = postSolution
		{5C8DCA6B-E8F0-5537-5ABD-1BCDA290D725}.Debug|Any CPU.ActiveCfg = Debug|Any CPU
		{5C8DCA6B-E8F0-5537-5ABD-1BCDA290D725}.Debug|Any CPU.Build.0 = Debug|Any CPU
		{5C8DCA6B-E8F0-5537-5ABD-1BCDA290D725}.Release|Any CPU.ActiveCfg = Release|Any CPU
		{5C8DCA6B-E8F0-5537-5ABD-1BCDA290D725}.Release|Any CPU.Build.0 = Release|Any CPU
	EndGlobalSection
	GlobalSection(SolutionProperties) = preSolution
		HideSolutionNode = FALSE
	EndGlobalSection
	GlobalSection(ExtensibilityGlobals) = postSolution
		SolutionGuid = {BF415F5D-BF17-4471-9051-FAC9963F9EEE}
	EndGlobalSection
EndGlobal
